
Microsoft Visual Studio Solution File, Format Version 12.00
# Visual Studio 15
VisualStudioVersion = 15.0.26510.0
MinimumVisualStudioVersion = 10.0.40219.1
Project("{FAE04EC0-301F-11D3-BF4B-00C04F79EFBC}") = "VsixExp", "VsixExp\VsixExp.csproj", "{690B6F99-F215-4540-860E-3D3EEC9D0143}"
EndProject
Project("{FAE04EC0-301F-11D3-BF4B-00C04F79EFBC}") = "VsixDependency", "VsixDependency\VsixDependency.csproj", "{CC42BF6A-8D4E-45C6-9E5A-3C101189FE30}"
EndProject
Project("{FAE04EC0-301F-11D3-BF4B-00C04F79EFBC}") = "VsixDependency.Tests", "VsixDependency.Tests\VsixDependency.Tests.csproj", "{0ED378F8-5926-4CC8-B8DD-6BAD21976B86}"
EndProject
Project("{FAE04EC0-301F-11D3-BF4B-00C04F79EFBC}") = "VsixInstaller", "VsixInstaller\VsixInstaller.csproj", "{4D0F4438-9F2F-4E9F-B9A0-58DD7EC90C03}"
EndProject
Project("{FAE04EC0-301F-11D3-BF4B-00C04F79EFBC}") = "VsixInstaller.Tests", "VsixInstaller.Tests\VsixInstaller.Tests.csproj", "{1093D012-E0F8-4EDD-B593-D3EF3EB5D9B6}"
EndProject
Global
	GlobalSection(SolutionConfigurationPlatforms) = preSolution
		Debug|Any CPU = Debug|Any CPU
		Release|Any CPU = Release|Any CPU
	EndGlobalSection
	GlobalSection(ProjectConfigurationPlatforms) = postSolution
		{690B6F99-F215-4540-860E-3D3EEC9D0143}.Debug|Any CPU.ActiveCfg = Debug|Any CPU
		{690B6F99-F215-4540-860E-3D3EEC9D0143}.Debug|Any CPU.Build.0 = Debug|Any CPU
		{690B6F99-F215-4540-860E-3D3EEC9D0143}.Release|Any CPU.ActiveCfg = Release|Any CPU
		{690B6F99-F215-4540-860E-3D3EEC9D0143}.Release|Any CPU.Build.0 = Release|Any CPU
		{CC42BF6A-8D4E-45C6-9E5A-3C101189FE30}.Debug|Any CPU.ActiveCfg = Debug|Any CPU
		{CC42BF6A-8D4E-45C6-9E5A-3C101189FE30}.Debug|Any CPU.Build.0 = Debug|Any CPU
		{CC42BF6A-8D4E-45C6-9E5A-3C101189FE30}.Release|Any CPU.ActiveCfg = Release|Any CPU
		{CC42BF6A-8D4E-45C6-9E5A-3C101189FE30}.Release|Any CPU.Build.0 = Release|Any CPU
		{0ED378F8-5926-4CC8-B8DD-6BAD21976B86}.Debug|Any CPU.ActiveCfg = Debug|Any CPU
		{0ED378F8-5926-4CC8-B8DD-6BAD21976B86}.Debug|Any CPU.Build.0 = Debug|Any CPU
		{0ED378F8-5926-4CC8-B8DD-6BAD21976B86}.Release|Any CPU.ActiveCfg = Release|Any CPU
		{0ED378F8-5926-4CC8-B8DD-6BAD21976B86}.Release|Any CPU.Build.0 = Release|Any CPU
		{4D0F4438-9F2F-4E9F-B9A0-58DD7EC90C03}.Debug|Any CPU.ActiveCfg = Debug|Any CPU
		{4D0F4438-9F2F-4E9F-B9A0-58DD7EC90C03}.Debug|Any CPU.Build.0 = Debug|Any CPU
		{4D0F4438-9F2F-4E9F-B9A0-58DD7EC90C03}.Release|Any CPU.ActiveCfg = Release|Any CPU
		{4D0F4438-9F2F-4E9F-B9A0-58DD7EC90C03}.Release|Any CPU.Build.0 = Release|Any CPU
		{1093D012-E0F8-4EDD-B593-D3EF3EB5D9B6}.Debug|Any CPU.ActiveCfg = Debug|Any CPU
		{1093D012-E0F8-4EDD-B593-D3EF3EB5D9B6}.Debug|Any CPU.Build.0 = Debug|Any CPU
		{1093D012-E0F8-4EDD-B593-D3EF3EB5D9B6}.Release|Any CPU.ActiveCfg = Release|Any CPU
		{1093D012-E0F8-4EDD-B593-D3EF3EB5D9B6}.Release|Any CPU.Build.0 = Release|Any CPU
	EndGlobalSection
	GlobalSection(SolutionProperties) = preSolution
		HideSolutionNode = FALSE
	EndGlobalSection
EndGlobal
